
Microsoft Visual Studio Solution File, Format Version 12.00
# Visual Studio Version 17
VisualStudioVersion = 17.2.32210.308
MinimumVisualStudioVersion = 10.0.40219.1
Project("{FAE04EC0-301F-11D3-BF4B-00C04F79EFBC}") = "Goulah", "Goulah\Goulah.csproj", "{361059CD-A78B-4AF7-B776-0BB58741F7F1}"
EndProject
Global
	GlobalSection(SolutionConfigurationPlatforms) = preSolution
		Debug|Any CPU = Debug|Any CPU
		Release|Any CPU = Release|Any CPU
	EndGlobalSection
	GlobalSection(ProjectConfigurationPlatforms) = postSolution
		{361059CD-A78B-4AF7-B776-0BB58741F7F1}.Debug|Any CPU.ActiveCfg = Debug|Any CPU
		{361059CD-A78B-4AF7-B776-0BB58741F7F1}.Debug|Any CPU.Build.0 = Debug|Any CPU
		{361059CD-A78B-4AF7-B776-0BB58741F7F1}.Release|Any CPU.ActiveCfg = Release|Any CPU
		{361059CD-A78B-4AF7-B776-0BB58741F7F1}.Release|Any CPU.Build.0 = Release|Any CPU
	EndGlobalSection
	GlobalSection(SolutionProperties) = preSolution
		HideSolutionNode = FALSE
	EndGlobalSection
	GlobalSection(ExtensibilityGlobals) = postSolution
		SolutionGuid = {D7C200BA-1552-4A08-91BF-2FFA8F06B3DC}
	EndGlobalSection
EndGlobal
